{
    "_readme": [
        "This file locks the dependencies of your project to a known state",
        "Read more about it at https://getcomposer.org/doc/01-basic-usage.md#installing-dependencies",
        "This file is @generated automatically"
    ],
    "content-hash": "6485e643636984b9a243680f8d215a71",
    "packages": [
        {
            "name": "mijora/box-calculator",
            "version": "1.0.0",
            "source": {
                "type": "git",
                "url": "git@github.com:mijora/box-calculator.git",
                "reference": "8f36ce563e6accf19259e0152b32115d343f1f96"
            },
            "dist": {
                "type": "zip",
                "url": "https://api.github.com/repos/mijora/box-calculator/zipball/8f36ce563e6accf19259e0152b32115d343f1f96",
                "reference": "8f36ce563e6accf19259e0152b32115d343f1f96",
                "shasum": ""
            },
            "type": "library",
            "autoload": {
                "psr-4": {
                    "Mijora\\BoxCalculator\\": "src/"
                }
            },
            "license": [
                "GPL-3.0-or-later"
            ],
            "authors": [
                {
                    "name": "Marijus K.",
                    "email": "info@markak.lt",
                    "role": "Developer"
                },
                {
                    "name": "UAB Mijora",
                    "email": "info@mijora.lt",
                    "homepage": "https://mijora.dev"
                }
            ],
            "description": "Trying to find the closest possible box size to reality",
            "support": {
                "source": "https://github.com/mijora/box-calculator/tree/v1.0.0",
                "issues": "https://github.com/mijora/box-calculator/issues"
            },
            "time": "2025-01-28T09:35:53+00:00"
        },
        {
            "name": "mijora/omniva-api",
            "version": "1.3.2",
            "source": {
                "type": "git",
                "url": "https://github.com/omniva-baltic/omniva-api-lib.git",
                "reference": "a06545fee204df2f986dbb034d59ef05e1b73125"
            },
            "dist": {
                "type": "zip",
                "url": "https://api.github.com/repos/omniva-baltic/omniva-api-lib/zipball/a06545fee204df2f986dbb034d59ef05e1b73125",
                "reference": "a06545fee204df2f986dbb034d59ef05e1b73125",
                "shasum": ""
            },
            "require": {
                "setasign/fpdf": "^1.8",
                "setasign/fpdi": "^2.3",
                "tecnickcom/tcpdf": "^6.3"
            },
            "type": "library",
            "autoload": {
                "files": [
                    "overrides/tcpdf/tcpdf_config.php"
                ],
                "psr-4": {
                    "Mijora\\Omniva\\": "src/"
                }
            },
            "notification-url": "https://packagist.org/downloads/",
            "authors": [
                {
                    "name": "Modestas",
                    "email": "modestas.slivinskas@gmail.com",
                    "role": "Developer"
                },
                {
                    "name": "UAB Mijora",
                    "email": "info@mijora.lt",
                    "homepage": "https://mijora.dev"
                }
            ],
            "description": "Omniva API wrapper",
            "support": {
                "issues": "https://github.com/omniva-baltic/omniva-api-lib/issues",
                "source": "https://github.com/omniva-baltic/omniva-api-lib/tree/v1.3.2"
            },
            "time": "2025-02-04T14:09:27+00:00"
        },
        {
            "name": "setasign/fpdf",
            "version": "1.8.6",
            "source": {
                "type": "git",
                "url": "https://github.com/Setasign/FPDF.git",
                "reference": "0838e0ee4925716fcbbc50ad9e1799b5edfae0a0"
            },
            "dist": {
                "type": "zip",
                "url": "https://api.github.com/repos/Setasign/FPDF/zipball/0838e0ee4925716fcbbc50ad9e1799b5edfae0a0",
                "reference": "0838e0ee4925716fcbbc50ad9e1799b5edfae0a0",
                "shasum": ""
            },
            "require": {
                "ext-gd": "*",
                "ext-zlib": "*"
            },
            "type": "library",
            "autoload": {
                "classmap": [
                    "fpdf.php"
                ]
            },
            "notification-url": "https://packagist.org/downloads/",
            "license": [
                "MIT"
            ],
            "authors": [
                {
                    "name": "Olivier Plathey",
                    "email": "oliver@fpdf.org",
                    "homepage": "http://fpdf.org/"
                }
            ],
            "description": "FPDF is a PHP class which allows to generate PDF files with pure PHP. F from FPDF stands for Free: you may use it for any kind of usage and modify it to suit your needs.",
            "homepage": "http://www.fpdf.org",
            "keywords": [
                "fpdf",
                "pdf"
            ],
            "support": {
                "source": "https://github.com/Setasign/FPDF/tree/1.8.6"
            },
            "time": "2023-06-26T14:44:25+00:00"
        },
        {
            "name": "setasign/fpdi",
            "version": "v2.6.3",
            "source": {
                "type": "git",
                "url": "https://github.com/Setasign/FPDI.git",
                "reference": "67c31f5e50c93c20579ca9e23035d8c540b51941"
            },
            "dist": {
                "type": "zip",
                "url": "https://api.github.com/repos/Setasign/FPDI/zipball/67c31f5e50c93c20579ca9e23035d8c540b51941",
                "reference": "67c31f5e50c93c20579ca9e23035d8c540b51941",
                "shasum": ""
            },
            "require": {
                "ext-zlib": "*",
                "php": "^7.1 || ^8.0"
            },
            "conflict": {
                "setasign/tfpdf": "<1.31"
            },
            "require-dev": {
                "phpunit/phpunit": "^7",
                "setasign/fpdf": "~1.8.6",
                "setasign/tfpdf": "~1.33",
                "squizlabs/php_codesniffer": "^3.5",
                "tecnickcom/tcpdf": "^6.2"
            },
            "suggest": {
                "setasign/fpdf": "FPDI will extend this class but as it is also possible to use TCPDF or tFPDF as an alternative. There's no fixed dependency configured."
            },
            "type": "library",
            "autoload": {
                "psr-4": {
                    "setasign\\Fpdi\\": "src/"
                }
            },
            "notification-url": "https://packagist.org/downloads/",
            "license": [
                "MIT"
            ],
            "authors": [
                {
                    "name": "Jan Slabon",
                    "email": "jan.slabon@setasign.com",
                    "homepage": "https://www.setasign.com"
                },
                {
                    "name": "Maximilian Kresse",
                    "email": "maximilian.kresse@setasign.com",
                    "homepage": "https://www.setasign.com"
                }
            ],
            "description": "FPDI is a collection of PHP classes facilitating developers to read pages from existing PDF documents and use them as templates in FPDF. Because it is also possible to use FPDI with TCPDF, there are no fixed dependencies defined. Please see suggestions for packages which evaluates the dependencies automatically.",
            "homepage": "https://www.setasign.com/fpdi",
            "keywords": [
                "fpdf",
                "fpdi",
                "pdf"
            ],
            "support": {
                "issues": "https://github.com/Setasign/FPDI/issues",
                "source": "https://github.com/Setasign/FPDI/tree/v2.6.3"
            },
            "funding": [
                {
                    "url": "https://tidelift.com/funding/github/packagist/setasign/fpdi",
                    "type": "tidelift"
                }
            ],
            "time": "2025-02-05T13:22:35+00:00"
        },
        {
            "name": "tecnickcom/tcpdf",
            "version": "6.8.2",
            "source": {
                "type": "git",
                "url": "https://github.com/tecnickcom/TCPDF.git",
                "reference": "f7a781073e1645062f163e058139e2f89355d420"
            },
            "dist": {
                "type": "zip",
                "url": "https://api.github.com/repos/tecnickcom/TCPDF/zipball/f7a781073e1645062f163e058139e2f89355d420",
                "reference": "f7a781073e1645062f163e058139e2f89355d420",
                "shasum": ""
            },
            "require": {
                "ext-curl": "*",
                "php": ">=7.1.0"
            },
            "type": "library",
            "autoload": {
                "classmap": [
                    "config",
                    "include",
                    "tcpdf.php",
                    "tcpdf_parser.php",
                    "tcpdf_import.php",
                    "tcpdf_barcodes_1d.php",
                    "tcpdf_barcodes_2d.php",
                    "include/tcpdf_colors.php",
                    "include/tcpdf_filters.php",
                    "include/tcpdf_font_data.php",
                    "include/tcpdf_fonts.php",
                    "include/tcpdf_images.php",
                    "include/tcpdf_static.php",
                    "include/barcodes/datamatrix.php",
                    "include/barcodes/pdf417.php",
                    "include/barcodes/qrcode.php"
                ]
            },
            "notification-url": "https://packagist.org/downloads/",
            "license": [
                "LGPL-3.0-or-later"
            ],
            "authors": [
                {
                    "name": "Nicola Asuni",
                    "email": "info@tecnick.com",
                    "role": "lead"
                }
            ],
            "description": "TCPDF is a PHP class for generating PDF documents and barcodes.",
            "homepage": "http://www.tcpdf.org/",
            "keywords": [
                "PDFD32000-2008",
                "TCPDF",
                "barcodes",
                "datamatrix",
                "pdf",
                "pdf417",
                "qrcode"
            ],
            "support": {
                "issues": "https://github.com/tecnickcom/TCPDF/issues",
                "source": "https://github.com/tecnickcom/TCPDF/tree/6.8.2"
            },
            "funding": [
                {
                    "url": "https://www.paypal.com/cgi-bin/webscr?cmd=_donations&currency_code=GBP&business=paypal@tecnick.com&item_name=donation%20for%20tcpdf%20project",
                    "type": "custom"
                }
            ],
            "time": "2025-01-26T14:03:12+00:00"
        }
    ],
    "packages-dev": [],
    "aliases": [],
    "minimum-stability": "stable",
    "stability-flags": {},
    "prefer-stable": false,
    "prefer-lowest": false,
    "platform": {},
    "platform-dev": {},
    "plugin-api-version": "2.6.0"
}
